// !$*UTF8*$!
{
	archiveVersion = 1;
	classes = {
	};
	objectVersion = 46;
	objects = {

/* Begin PBXBuildFile section */
		DA013FB115F31502004B7DD2 /* blue-rabbit-icon.icns in Resources */ = {isa = PBXBuildFile; fileRef = DA013FB015F31502004B7DD2 /* blue-rabbit-icon.icns */; };
		DA16B39A15E660FD00D133C9 /* ChildNode.m in Sources */ = {isa = PBXBuildFile; fileRef = DA16B39915E660FD00D133C9 /* ChildNode.m */; };
		DA16B39D15E6611000D133C9 /* BaseNode.m in Sources */ = {isa = PBXBuildFile; fileRef = DA16B39C15E6611000D133C9 /* BaseNode.m */; };
		DA16B3A115E661E600D133C9 /* NSArray_Extensions.m in Sources */ = {isa = PBXBuildFile; fileRef = DA16B3A015E661E600D133C9 /* NSArray_Extensions.m */; };
		DA16B3A415E665CB00D133C9 /* ImageAndTextCell.m in Sources */ = {isa = PBXBuildFile; fileRef = DA16B3A315E665CB00D133C9 /* ImageAndTextCell.m */; };
		DA16B3A715E66A0500D133C9 /* SeparatorCell.m in Sources */ = {isa = PBXBuildFile; fileRef = DA16B3A615E66A0500D133C9 /* SeparatorCell.m */; };
		DA43EC3C15F0CC7E00161D1E /* Sparkle.framework in Frameworks */ = {isa = PBXBuildFile; fileRef = DA43EC3B15F0CC7E00161D1E /* Sparkle.framework */; };
		DA43EC3F15F0CD3200161D1E /* Sparkle.framework in CopyFiles */ = {isa = PBXBuildFile; fileRef = DA43EC3B15F0CC7E00161D1E /* Sparkle.framework */; };
		DA43EC4115F0CF8800161D1E /* dsa_pub.pem in Resources */ = {isa = PBXBuildFile; fileRef = DA43EC4015F0CF8800161D1E /* dsa_pub.pem */; };
		DAC3128415E5C1CF00261862 /* Cocoa.framework in Frameworks */ = {isa = PBXBuildFile; fileRef = DAC3128315E5C1CF00261862 /* Cocoa.framework */; };
		DAC3128E15E5C1CF00261862 /* InfoPlist.strings in Resources */ = {isa = PBXBuildFile; fileRef = DAC3128C15E5C1CF00261862 /* InfoPlist.strings */; };
		DAC3129015E5C1CF00261862 /* main.m in Sources */ = {isa = PBXBuildFile; fileRef = DAC3128F15E5C1CF00261862 /* main.m */; };
		DAC3129415E5C1CF00261862 /* Credits.rtf in Resources */ = {isa = PBXBuildFile; fileRef = DAC3129215E5C1CF00261862 /* Credits.rtf */; };
		DAC3129715E5C1CF00261862 /* MBAppDelegate.m in Sources */ = {isa = PBXBuildFile; fileRef = DAC3129615E5C1CF00261862 /* MBAppDelegate.m */; };
		DAC3129A15E5C1CF00261862 /* MainMenu.xib in Resources */ = {isa = PBXBuildFile; fileRef = DAC3129815E5C1CF00261862 /* MainMenu.xib */; };
		DAC3129D15E5C1CF00261862 /* markbook.xcdatamodeld in Sources */ = {isa = PBXBuildFile; fileRef = DAC3129B15E5C1CF00261862 /* markbook.xcdatamodeld */; };
		DAC312A515E5C1D000261862 /* SenTestingKit.framework in Frameworks */ = {isa = PBXBuildFile; fileRef = DAC312A415E5C1D000261862 /* SenTestingKit.framework */; };
		DAC312A615E5C1D000261862 /* Cocoa.framework in Frameworks */ = {isa = PBXBuildFile; fileRef = DAC3128315E5C1CF00261862 /* Cocoa.framework */; };
		DAC312AE15E5C1D000261862 /* InfoPlist.strings in Resources */ = {isa = PBXBuildFile; fileRef = DAC312AC15E5C1D000261862 /* InfoPlist.strings */; };
		DAC312B115E5C1D000261862 /* markbookTests.m in Sources */ = {isa = PBXBuildFile; fileRef = DAC312B015E5C1D000261862 /* markbookTests.m */; };
		DAC312BB15E5C4D400261862 /* WebKit.framework in Frameworks */ = {isa = PBXBuildFile; fileRef = DAC312BA15E5C4D400261862 /* WebKit.framework */; };
		DAC3132815E5DE3B00261862 /* MBWindowController.m in Sources */ = {isa = PBXBuildFile; fileRef = DAC3132615E5DE3B00261862 /* MBWindowController.m */; };
		DAC3132915E5DE3B00261862 /* MBWindowController.xib in Resources */ = {isa = PBXBuildFile; fileRef = DAC3132715E5DE3B00261862 /* MBWindowController.xib */; };
		DAE229E815F07F4A00E44370 /* myeggs in Resources */ = {isa = PBXBuildFile; fileRef = DAE229E715F07F4A00E44370 /* myeggs */; };
/* End PBXBuildFile section */

/* Begin PBXContainerItemProxy section */
		DAC312A715E5C1D000261862 /* PBXContainerItemProxy */ = {
			isa = PBXContainerItemProxy;
			containerPortal = DAC3127615E5C1CF00261862 /* Project object */;
			proxyType = 1;
			remoteGlobalIDString = DAC3127E15E5C1CF00261862;
			remoteInfo = markbook;
		};
/* End PBXContainerItemProxy section */

/* Begin PBXCopyFilesBuildPhase section */
		DA43EC3E15F0CD0600161D1E /* CopyFiles */ = {
			isa = PBXCopyFilesBuildPhase;
			buildActionMask = 2147483647;
			dstPath = "";
			dstSubfolderSpec = 10;
			files = (
				DA43EC3F15F0CD3200161D1E /* Sparkle.framework in CopyFiles */,
			);
			runOnlyForDeploymentPostprocessing = 0;
		};
/* End PBXCopyFilesBuildPhase section */

/* Begin PBXFileReference section */
		DA013FB015F31502004B7DD2 /* blue-rabbit-icon.icns */ = {isa = PBXFileReference; lastKnownFileType = image.icns; path = "blue-rabbit-icon.icns"; sourceTree = "<group>"; };
		DA16B39815E660FD00D133C9 /* ChildNode.h */ = {isa = PBXFileReference; fileEncoding = 4; lastKnownFileType = sourcecode.c.h; path = ChildNode.h; sourceTree = "<group>"; };
		DA16B39915E660FD00D133C9 /* ChildNode.m */ = {isa = PBXFileReference; fileEncoding = 4; lastKnownFileType = sourcecode.c.objc; path = ChildNode.m; sourceTree = "<group>"; };
		DA16B39B15E6611000D133C9 /* BaseNode.h */ = {isa = PBXFileReference; fileEncoding = 4; lastKnownFileType = sourcecode.c.h; path = BaseNode.h; sourceTree = "<group>"; };
		DA16B39C15E6611000D133C9 /* BaseNode.m */ = {isa = PBXFileReference; fileEncoding = 4; lastKnownFileType = sourcecode.c.objc; path = BaseNode.m; sourceTree = "<group>"; };
		DA16B39F15E661E600D133C9 /* NSArray_Extensions.h */ = {isa = PBXFileReference; fileEncoding = 4; lastKnownFileType = sourcecode.c.h; path = NSArray_Extensions.h; sourceTree = "<group>"; };
		DA16B3A015E661E600D133C9 /* NSArray_Extensions.m */ = {isa = PBXFileReference; fileEncoding = 4; lastKnownFileType = sourcecode.c.objc; path = NSArray_Extensions.m; sourceTree = "<group>"; };
		DA16B3A215E665CB00D133C9 /* ImageAndTextCell.h */ = {isa = PBXFileReference; fileEncoding = 4; lastKnownFileType = sourcecode.c.h; path = ImageAndTextCell.h; sourceTree = "<group>"; };
		DA16B3A315E665CB00D133C9 /* ImageAndTextCell.m */ = {isa = PBXFileReference; fileEncoding = 4; lastKnownFileType = sourcecode.c.objc; path = ImageAndTextCell.m; sourceTree = "<group>"; };
		DA16B3A515E66A0500D133C9 /* SeparatorCell.h */ = {isa = PBXFileReference; fileEncoding = 4; lastKnownFileType = sourcecode.c.h; path = SeparatorCell.h; sourceTree = "<group>"; };
		DA16B3A615E66A0500D133C9 /* SeparatorCell.m */ = {isa = PBXFileReference; fileEncoding = 4; lastKnownFileType = sourcecode.c.objc; path = SeparatorCell.m; sourceTree = "<group>"; };
		DA43EC3B15F0CC7E00161D1E /* Sparkle.framework */ = {isa = PBXFileReference; lastKnownFileType = wrapper.framework; path = Sparkle.framework; sourceTree = "<group>"; };
		DA43EC4015F0CF8800161D1E /* dsa_pub.pem */ = {isa = PBXFileReference; fileEncoding = 4; lastKnownFileType = text; path = dsa_pub.pem; sourceTree = "<group>"; };
		DAC3127F15E5C1CF00261862 /* MarkBook.app */ = {isa = PBXFileReference; explicitFileType = wrapper.application; includeInIndex = 0; path = MarkBook.app; sourceTree = BUILT_PRODUCTS_DIR; };
		DAC3128315E5C1CF00261862 /* Cocoa.framework */ = {isa = PBXFileReference; lastKnownFileType = wrapper.framework; name = Cocoa.framework; path = System/Library/Frameworks/Cocoa.framework; sourceTree = SDKROOT; };
		DAC3128615E5C1CF00261862 /* AppKit.framework */ = {isa = PBXFileReference; lastKnownFileType = wrapper.framework; name = AppKit.framework; path = System/Library/Frameworks/AppKit.framework; sourceTree = SDKROOT; };
		DAC3128715E5C1CF00261862 /* CoreData.framework */ = {isa = PBXFileReference; lastKnownFileType = wrapper.framework; name = CoreData.framework; path = System/Library/Frameworks/CoreData.framework; sourceTree = SDKROOT; };
		DAC3128815E5C1CF00261862 /* Foundation.framework */ = {isa = PBXFileReference; lastKnownFileType = wrapper.framework; name = Foundation.framework; path = System/Library/Frameworks/Foundation.framework; sourceTree = SDKROOT; };
		DAC3128B15E5C1CF00261862 /* MarkBook.xcodeproj-Info.plist */ = {isa = PBXFileReference; lastKnownFileType = text.plist.xml; path = "MarkBook.xcodeproj-Info.plist"; sourceTree = "<group>"; };
		DAC3128D15E5C1CF00261862 /* en */ = {isa = PBXFileReference; lastKnownFileType = text.plist.strings; name = en; path = en.lproj/InfoPlist.strings; sourceTree = "<group>"; };
		DAC3128F15E5C1CF00261862 /* main.m */ = {isa = PBXFileReference; lastKnownFileType = sourcecode.c.objc; path = main.m; sourceTree = "<group>"; };
		DAC3129115E5C1CF00261862 /* MarkBook.xcodeproj-Prefix.pch */ = {isa = PBXFileReference; lastKnownFileType = sourcecode.c.h; path = "MarkBook.xcodeproj-Prefix.pch"; sourceTree = "<group>"; };
		DAC3129315E5C1CF00261862 /* en */ = {isa = PBXFileReference; lastKnownFileType = text.rtf; name = en; path = en.lproj/Credits.rtf; sourceTree = "<group>"; };
		DAC3129515E5C1CF00261862 /* MBAppDelegate.h */ = {isa = PBXFileReference; lastKnownFileType = sourcecode.c.h; path = MBAppDelegate.h; sourceTree = "<group>"; };
		DAC3129615E5C1CF00261862 /* MBAppDelegate.m */ = {isa = PBXFileReference; lastKnownFileType = sourcecode.c.objc; path = MBAppDelegate.m; sourceTree = "<group>"; };
		DAC3129915E5C1CF00261862 /* en */ = {isa = PBXFileReference; lastKnownFileType = file.xib; name = en; path = en.lproj/MainMenu.xib; sourceTree = "<group>"; };
		DAC3129C15E5C1CF00261862 /* markbook.xcdatamodel */ = {isa = PBXFileReference; lastKnownFileType = wrapper.xcdatamodel; path = markbook.xcdatamodel; sourceTree = "<group>"; };
		DAC312A315E5C1D000261862 /* MarkBookTests.octest */ = {isa = PBXFileReference; explicitFileType = wrapper.cfbundle; includeInIndex = 0; path = MarkBookTests.octest; sourceTree = BUILT_PRODUCTS_DIR; };
		DAC312A415E5C1D000261862 /* SenTestingKit.framework */ = {isa = PBXFileReference; lastKnownFileType = wrapper.framework; name = SenTestingKit.framework; path = Library/Frameworks/SenTestingKit.framework; sourceTree = DEVELOPER_DIR; };
		DAC312AB15E5C1D000261862 /* MarkBook-Info.plist */ = {isa = PBXFileReference; lastKnownFileType = text.plist.xml; path = "MarkBook-Info.plist"; sourceTree = "<group>"; };
		DAC312AD15E5C1D000261862 /* en */ = {isa = PBXFileReference; lastKnownFileType = text.plist.strings; name = en; path = en.lproj/InfoPlist.strings; sourceTree = "<group>"; };
		DAC312AF15E5C1D000261862 /* markbookTests.h */ = {isa = PBXFileReference; lastKnownFileType = sourcecode.c.h; path = markbookTests.h; sourceTree = "<group>"; };
		DAC312B015E5C1D000261862 /* markbookTests.m */ = {isa = PBXFileReference; lastKnownFileType = sourcecode.c.objc; path = markbookTests.m; sourceTree = "<group>"; };
		DAC312BA15E5C4D400261862 /* WebKit.framework */ = {isa = PBXFileReference; lastKnownFileType = wrapper.framework; name = WebKit.framework; path = System/Library/Frameworks/WebKit.framework; sourceTree = SDKROOT; };
		DAC3132515E5DE3B00261862 /* MBWindowController.h */ = {isa = PBXFileReference; fileEncoding = 4; lastKnownFileType = sourcecode.c.h; path = MBWindowController.h; sourceTree = "<group>"; };
		DAC3132615E5DE3B00261862 /* MBWindowController.m */ = {isa = PBXFileReference; fileEncoding = 4; lastKnownFileType = sourcecode.c.objc; path = MBWindowController.m; sourceTree = "<group>"; };
		DAC3132715E5DE3B00261862 /* MBWindowController.xib */ = {isa = PBXFileReference; fileEncoding = 4; lastKnownFileType = file.xib; path = MBWindowController.xib; sourceTree = "<group>"; };
		DAE229E715F07F4A00E44370 /* myeggs */ = {isa = PBXFileReference; lastKnownFileType = folder; path = myeggs; sourceTree = "<group>"; };
/* End PBXFileReference section */

/* Begin PBXFrameworksBuildPhase section */
		DAC3127C15E5C1CF00261862 /* Frameworks */ = {
			isa = PBXFrameworksBuildPhase;
			buildActionMask = 2147483647;
			files = (
				DAC312BB15E5C4D400261862 /* WebKit.framework in Frameworks */,
				DAC3128415E5C1CF00261862 /* Cocoa.framework in Frameworks */,
				DA43EC3C15F0CC7E00161D1E /* Sparkle.framework in Frameworks */,
			);
			runOnlyForDeploymentPostprocessing = 0;
		};
		DAC3129F15E5C1D000261862 /* Frameworks */ = {
			isa = PBXFrameworksBuildPhase;
			buildActionMask = 2147483647;
			files = (
				DAC312A515E5C1D000261862 /* SenTestingKit.framework in Frameworks */,
				DAC312A615E5C1D000261862 /* Cocoa.framework in Frameworks */,
			);
			runOnlyForDeploymentPostprocessing = 0;
		};
/* End PBXFrameworksBuildPhase section */

/* Begin PBXGroup section */
		DA16B39E15E661BD00D133C9 /* SourceView */ = {
			isa = PBXGroup;
			children = (
				DA16B3A515E66A0500D133C9 /* SeparatorCell.h */,
				DA16B3A615E66A0500D133C9 /* SeparatorCell.m */,
				DA16B3A215E665CB00D133C9 /* ImageAndTextCell.h */,
				DA16B3A315E665CB00D133C9 /* ImageAndTextCell.m */,
				DA16B39F15E661E600D133C9 /* NSArray_Extensions.h */,
				DA16B3A015E661E600D133C9 /* NSArray_Extensions.m */,
				DA16B39B15E6611000D133C9 /* BaseNode.h */,
				DA16B39C15E6611000D133C9 /* BaseNode.m */,
				DA16B39815E660FD00D133C9 /* ChildNode.h */,
				DA16B39915E660FD00D133C9 /* ChildNode.m */,
			);
			name = SourceView;
			path = markbook;
			sourceTree = "<group>";
		};
		DAC3127415E5C1CF00261862 = {
			isa = PBXGroup;
			children = (
				DA013FB015F31502004B7DD2 /* blue-rabbit-icon.icns */,
				DAE229E715F07F4A00E44370 /* myeggs */,
				DA16B39E15E661BD00D133C9 /* SourceView */,
				DAC3128915E5C1CF00261862 /* markbook */,
				DAC312A915E5C1D000261862 /* markbookTests */,
				DAC3128215E5C1CF00261862 /* Frameworks */,
				DAC3128015E5C1CF00261862 /* Products */,
			);
			sourceTree = "<group>";
		};
		DAC3128015E5C1CF00261862 /* Products */ = {
			isa = PBXGroup;
			children = (
				DAC3127F15E5C1CF00261862 /* MarkBook.app */,
				DAC312A315E5C1D000261862 /* MarkBookTests.octest */,
			);
			name = Products;
			sourceTree = "<group>";
		};
		DAC3128215E5C1CF00261862 /* Frameworks */ = {
			isa = PBXGroup;
			children = (
				DA43EC3B15F0CC7E00161D1E /* Sparkle.framework */,
				DAC312BA15E5C4D400261862 /* WebKit.framework */,
				DAC3128315E5C1CF00261862 /* Cocoa.framework */,
				DAC312A415E5C1D000261862 /* SenTestingKit.framework */,
				DAC3128515E5C1CF00261862 /* Other Frameworks */,
			);
			name = Frameworks;
			sourceTree = "<group>";
		};
		DAC3128515E5C1CF00261862 /* Other Frameworks */ = {
			isa = PBXGroup;
			children = (
				DAC3128615E5C1CF00261862 /* AppKit.framework */,
				DAC3128715E5C1CF00261862 /* CoreData.framework */,
				DAC3128815E5C1CF00261862 /* Foundation.framework */,
			);
			name = "Other Frameworks";
			sourceTree = "<group>";
		};
		DAC3128915E5C1CF00261862 /* markbook */ = {
			isa = PBXGroup;
			children = (
				DAC3129515E5C1CF00261862 /* MBAppDelegate.h */,
				DAC3129615E5C1CF00261862 /* MBAppDelegate.m */,
				DAC3129815E5C1CF00261862 /* MainMenu.xib */,
				DAC3132515E5DE3B00261862 /* MBWindowController.h */,
				DAC3132615E5DE3B00261862 /* MBWindowController.m */,
				DAC3132715E5DE3B00261862 /* MBWindowController.xib */,
				DAC3129B15E5C1CF00261862 /* markbook.xcdatamodeld */,
				DAC3128A15E5C1CF00261862 /* Supporting Files */,
			);
			path = markbook;
			sourceTree = "<group>";
		};
		DAC3128A15E5C1CF00261862 /* Supporting Files */ = {
			isa = PBXGroup;
			children = (
				DAC3128B15E5C1CF00261862 /* MarkBook.xcodeproj-Info.plist */,
				DAC3128C15E5C1CF00261862 /* InfoPlist.strings */,
				DAC3128F15E5C1CF00261862 /* main.m */,
				DAC3129115E5C1CF00261862 /* MarkBook.xcodeproj-Prefix.pch */,
				DAC3129215E5C1CF00261862 /* Credits.rtf */,
			);
			name = "Supporting Files";
			sourceTree = "<group>";
		};
		DAC312A915E5C1D000261862 /* markbookTests */ = {
			isa = PBXGroup;
			children = (
				DAC312AF15E5C1D000261862 /* markbookTests.h */,
				DAC312B015E5C1D000261862 /* markbookTests.m */,
				DAC312AA15E5C1D000261862 /* Supporting Files */,
			);
			path = markbookTests;
			sourceTree = "<group>";
		};
		DAC312AA15E5C1D000261862 /* Supporting Files */ = {
			isa = PBXGroup;
			children = (
				DA43EC4015F0CF8800161D1E /* dsa_pub.pem */,
				DAC312AB15E5C1D000261862 /* MarkBook-Info.plist */,
				DAC312AC15E5C1D000261862 /* InfoPlist.strings */,
			);
			name = "Supporting Files";
			sourceTree = "<group>";
		};
/* End PBXGroup section */

/* Begin PBXNativeTarget section */
		DAC3127E15E5C1CF00261862 /* MarkBook */ = {
			isa = PBXNativeTarget;
			buildConfigurationList = DAC312B415E5C1D000261862 /* Build configuration list for PBXNativeTarget "MarkBook" */;
			buildPhases = (
				DAC3127B15E5C1CF00261862 /* Sources */,
				DAC3127C15E5C1CF00261862 /* Frameworks */,
				DAC3127D15E5C1CF00261862 /* Resources */,
				DA43EC3E15F0CD0600161D1E /* CopyFiles */,
			);
			buildRules = (
			);
			dependencies = (
			);
			name = MarkBook;
			productName = markbook;
			productReference = DAC3127F15E5C1CF00261862 /* MarkBook.app */;
			productType = "com.apple.product-type.application";
		};
		DAC312A215E5C1D000261862 /* MarkBook.xcodeprojTests */ = {
			isa = PBXNativeTarget;
			buildConfigurationList = DAC312B715E5C1D000261862 /* Build configuration list for PBXNativeTarget "MarkBook.xcodeprojTests" */;
			buildPhases = (
				DAC3129E15E5C1D000261862 /* Sources */,
				DAC3129F15E5C1D000261862 /* Frameworks */,
				DAC312A015E5C1D000261862 /* Resources */,
				DAC312A115E5C1D000261862 /* ShellScript */,
			);
			buildRules = (
			);
			dependencies = (
				DAC312A815E5C1D000261862 /* PBXTargetDependency */,
			);
			name = MarkBook.xcodeprojTests;
			productName = markbookTests;
			productReference = DAC312A315E5C1D000261862 /* MarkBookTests.octest */;
			productType = "com.apple.product-type.bundle";
		};
/* End PBXNativeTarget section */

/* Begin PBXProject section */
		DAC3127615E5C1CF00261862 /* Project object */ = {
			isa = PBXProject;
			attributes = {
				CLASSPREFIX = MB;
				LastUpgradeCheck = 0440;
				ORGANIZATIONNAME = amoblin;
			};
			buildConfigurationList = DAC3127915E5C1CF00261862 /* Build configuration list for PBXProject "MarkBook" */;
			compatibilityVersion = "Xcode 3.2";
			developmentRegion = English;
			hasScannedForEncodings = 0;
			knownRegions = (
				en,
			);
			mainGroup = DAC3127415E5C1CF00261862;
			productRefGroup = DAC3128015E5C1CF00261862 /* Products */;
			projectDirPath = "";
			projectRoot = "";
			targets = (
				DAC3127E15E5C1CF00261862 /* MarkBook */,
				DAC312A215E5C1D000261862 /* MarkBook.xcodeprojTests */,
			);
		};
/* End PBXProject section */

/* Begin PBXResourcesBuildPhase section */
		DAC3127D15E5C1CF00261862 /* Resources */ = {
			isa = PBXResourcesBuildPhase;
			buildActionMask = 2147483647;
			files = (
				DAC3128E15E5C1CF00261862 /* InfoPlist.strings in Resources */,
				DAC3129415E5C1CF00261862 /* Credits.rtf in Resources */,
				DAC3129A15E5C1CF00261862 /* MainMenu.xib in Resources */,
				DAC3132915E5DE3B00261862 /* MBWindowController.xib in Resources */,
				DAE229E815F07F4A00E44370 /* myeggs in Resources */,
				DA43EC4115F0CF8800161D1E /* dsa_pub.pem in Resources */,
				DA013FB115F31502004B7DD2 /* blue-rabbit-icon.icns in Resources */,
			);
			runOnlyForDeploymentPostprocessing = 0;
		};
		DAC312A015E5C1D000261862 /* Resources */ = {
			isa = PBXResourcesBuildPhase;
			buildActionMask = 2147483647;
			files = (
				DAC312AE15E5C1D000261862 /* InfoPlist.strings in Resources */,
			);
			runOnlyForDeploymentPostprocessing = 0;
		};
/* End PBXResourcesBuildPhase section */

/* Begin PBXShellScriptBuildPhase section */
		DAC312A115E5C1D000261862 /* ShellScript */ = {
			isa = PBXShellScriptBuildPhase;
			buildActionMask = 2147483647;
			files = (
			);
			inputPaths = (
			);
			outputPaths = (
			);
			runOnlyForDeploymentPostprocessing = 0;
			shellPath = /bin/sh;
			shellScript = "# Run the unit tests in this test bundle.\n\"${SYSTEM_DEVELOPER_DIR}/Tools/RunUnitTests\"\n";
		};
/* End PBXShellScriptBuildPhase section */

/* Begin PBXSourcesBuildPhase section */
		DAC3127B15E5C1CF00261862 /* Sources */ = {
			isa = PBXSourcesBuildPhase;
			buildActionMask = 2147483647;
			files = (
				DAC3129015E5C1CF00261862 /* main.m in Sources */,
				DAC3129715E5C1CF00261862 /* MBAppDelegate.m in Sources */,
				DAC3129D15E5C1CF00261862 /* markbook.xcdatamodeld in Sources */,
				DAC3132815E5DE3B00261862 /* MBWindowController.m in Sources */,
				DA16B39A15E660FD00D133C9 /* ChildNode.m in Sources */,
				DA16B39D15E6611000D133C9 /* BaseNode.m in Sources */,
				DA16B3A115E661E600D133C9 /* NSArray_Extensions.m in Sources */,
				DA16B3A415E665CB00D133C9 /* ImageAndTextCell.m in Sources */,
				DA16B3A715E66A0500D133C9 /* SeparatorCell.m in Sources */,
			);
			runOnlyForDeploymentPostprocessing = 0;
		};
		DAC3129E15E5C1D000261862 /* Sources */ = {
			isa = PBXSourcesBuildPhase;
			buildActionMask = 2147483647;
			files = (
				DAC312B115E5C1D000261862 /* markbookTests.m in Sources */,
			);
			runOnlyForDeploymentPostprocessing = 0;
		};
/* End PBXSourcesBuildPhase section */

/* Begin PBXTargetDependency section */
		DAC312A815E5C1D000261862 /* PBXTargetDependency */ = {
			isa = PBXTargetDependency;
			target = DAC3127E15E5C1CF00261862 /* MarkBook */;
			targetProxy = DAC312A715E5C1D000261862 /* PBXContainerItemProxy */;
		};
/* End PBXTargetDependency section */

/* Begin PBXVariantGroup section */
		DAC3128C15E5C1CF00261862 /* InfoPlist.strings */ = {
			isa = PBXVariantGroup;
			children = (
				DAC3128D15E5C1CF00261862 /* en */,
			);
			name = InfoPlist.strings;
			sourceTree = "<group>";
		};
		DAC3129215E5C1CF00261862 /* Credits.rtf */ = {
			isa = PBXVariantGroup;
			children = (
				DAC3129315E5C1CF00261862 /* en */,
			);
			name = Credits.rtf;
			sourceTree = "<group>";
		};
		DAC3129815E5C1CF00261862 /* MainMenu.xib */ = {
			isa = PBXVariantGroup;
			children = (
				DAC3129915E5C1CF00261862 /* en */,
			);
			name = MainMenu.xib;
			sourceTree = "<group>";
		};
		DAC312AC15E5C1D000261862 /* InfoPlist.strings */ = {
			isa = PBXVariantGroup;
			children = (
				DAC312AD15E5C1D000261862 /* en */,
			);
			name = InfoPlist.strings;
			sourceTree = "<group>";
		};
/* End PBXVariantGroup section */

/* Begin XCBuildConfiguration section */
		DAC312B215E5C1D000261862 /* Debug */ = {
			isa = XCBuildConfiguration;
			buildSettings = {
				ALWAYS_SEARCH_USER_PATHS = NO;
				ARCHS = "$(ARCHS_STANDARD_64_BIT)";
				CLANG_CXX_LANGUAGE_STANDARD = "gnu++0x";
				CLANG_ENABLE_OBJC_ARC = YES;
				CLANG_WARN__DUPLICATE_METHOD_MATCH = YES;
				COPY_PHASE_STRIP = NO;
				GCC_C_LANGUAGE_STANDARD = gnu99;
				GCC_DYNAMIC_NO_PIC = NO;
				GCC_ENABLE_OBJC_EXCEPTIONS = YES;
				GCC_OPTIMIZATION_LEVEL = 0;
				GCC_PREPROCESSOR_DEFINITIONS = (
					"DEBUG=1",
					"$(inherited)",
				);
				GCC_SYMBOLS_PRIVATE_EXTERN = NO;
				GCC_WARN_64_TO_32_BIT_CONVERSION = YES;
				GCC_WARN_ABOUT_RETURN_TYPE = YES;
				GCC_WARN_UNINITIALIZED_AUTOS = YES;
				GCC_WARN_UNUSED_VARIABLE = YES;
				MACOSX_DEPLOYMENT_TARGET = 10.8;
				ONLY_ACTIVE_ARCH = YES;
				SDKROOT = macosx;
			};
			name = Debug;
		};
		DAC312B315E5C1D000261862 /* Release */ = {
			isa = XCBuildConfiguration;
			buildSettings = {
				ALWAYS_SEARCH_USER_PATHS = NO;
				ARCHS = "$(ARCHS_STANDARD_64_BIT)";
				CLANG_CXX_LANGUAGE_STANDARD = "gnu++0x";
				CLANG_ENABLE_OBJC_ARC = YES;
				CLANG_WARN__DUPLICATE_METHOD_MATCH = YES;
				COPY_PHASE_STRIP = YES;
				DEBUG_INFORMATION_FORMAT = "dwarf-with-dsym";
				GCC_C_LANGUAGE_STANDARD = gnu99;
				GCC_ENABLE_OBJC_EXCEPTIONS = YES;
				GCC_WARN_64_TO_32_BIT_CONVERSION = YES;
				GCC_WARN_ABOUT_RETURN_TYPE = YES;
				GCC_WARN_UNINITIALIZED_AUTOS = YES;
				GCC_WARN_UNUSED_VARIABLE = YES;
				MACOSX_DEPLOYMENT_TARGET = 10.8;
				SDKROOT = macosx;
			};
			name = Release;
		};
		DAC312B515E5C1D000261862 /* Debug */ = {
			isa = XCBuildConfiguration;
			buildSettings = {
				COMBINE_HIDPI_IMAGES = YES;
				FRAMEWORK_SEARCH_PATHS = (
					"$(inherited)",
					"\"$(SRCROOT)\"",
				);
				GCC_PRECOMPILE_PREFIX_HEADER = YES;
				GCC_PREFIX_HEADER = "markbook/MarkBook.xcodeproj-Prefix.pch";
				INFOPLIST_FILE = "markbook/MarkBook.xcodeproj-Info.plist";
				PRODUCT_NAME = MarkBook;
				WRAPPER_EXTENSION = app;
			};
			name = Debug;
		};
		DAC312B615E5C1D000261862 /* Release */ = {
			isa = XCBuildConfiguration;
			buildSettings = {
				COMBINE_HIDPI_IMAGES = YES;
				FRAMEWORK_SEARCH_PATHS = (
					"$(inherited)",
					"\"$(SRCROOT)\"",
				);
				GCC_PRECOMPILE_PREFIX_HEADER = YES;
				GCC_PREFIX_HEADER = "markbook/MarkBook.xcodeproj-Prefix.pch";
				INFOPLIST_FILE = "markbook/MarkBook.xcodeproj-Info.plist";
				PRODUCT_NAME = MarkBook;
				WRAPPER_EXTENSION = app;
			};
			name = Release;
		};
		DAC312B815E5C1D000261862 /* Debug */ = {
			isa = XCBuildConfiguration;
			buildSettings = {
				BUNDLE_LOADER = "$(BUILT_PRODUCTS_DIR)/markbook.app/Contents/MacOS/markbook";
				COMBINE_HIDPI_IMAGES = YES;
				FRAMEWORK_SEARCH_PATHS = "\"$(DEVELOPER_LIBRARY_DIR)/Frameworks\"";
				GCC_PRECOMPILE_PREFIX_HEADER = YES;
				GCC_PREFIX_HEADER = "markbook/markbook-Prefix.pch";
				INFOPLIST_FILE = "markbookTests/MarkBook.xcodeprojTests-Info.plist";
				PRODUCT_NAME = MarkBookTests;
				TEST_HOST = "$(BUNDLE_LOADER)";
				WRAPPER_EXTENSION = octest;
			};
			name = Debug;
		};
		DAC312B915E5C1D000261862 /* Release */ = {
			isa = XCBuildConfiguration;
			buildSettings = {
				BUNDLE_LOADER = "$(BUILT_PRODUCTS_DIR)/markbook.app/Contents/MacOS/markbook";
				COMBINE_HIDPI_IMAGES = YES;
				FRAMEWORK_SEARCH_PATHS = "\"$(DEVELOPER_LIBRARY_DIR)/Frameworks\"";
				GCC_PRECOMPILE_PREFIX_HEADER = YES;
				GCC_PREFIX_HEADER = "markbook/markbook-Prefix.pch";
				INFOPLIST_FILE = "markbookTests/MarkBook.xcodeprojTests-Info.plist";
				PRODUCT_NAME = MarkBookTests;
				TEST_HOST = "$(BUNDLE_LOADER)";
				WRAPPER_EXTENSION = octest;
			};
			name = Release;
		};
/* End XCBuildConfiguration section */

/* Begin XCConfigurationList section */
		DAC3127915E5C1CF00261862 /* Build configuration list for PBXProject "MarkBook" */ = {
			isa = XCConfigurationList;
			buildConfigurations = (
				DAC312B215E5C1D000261862 /* Debug */,
				DAC312B315E5C1D000261862 /* Release */,
			);
			defaultConfigurationIsVisible = 0;
			defaultConfigurationName = Release;
		};
		DAC312B415E5C1D000261862 /* Build configuration list for PBXNativeTarget "MarkBook" */ = {
			isa = XCConfigurationList;
			buildConfigurations = (
				DAC312B515E5C1D000261862 /* Debug */,
				DAC312B615E5C1D000261862 /* Release */,
			);
			defaultConfigurationIsVisible = 0;
			defaultConfigurationName = Release;
		};
		DAC312B715E5C1D000261862 /* Build configuration list for PBXNativeTarget "MarkBook.xcodeprojTests" */ = {
			isa = XCConfigurationList;
			buildConfigurations = (
				DAC312B815E5C1D000261862 /* Debug */,
				DAC312B915E5C1D000261862 /* Release */,
			);
			defaultConfigurationIsVisible = 0;
			defaultConfigurationName = Release;
		};
/* End XCConfigurationList section */

/* Begin XCVersionGroup section */
		DAC3129B15E5C1CF00261862 /* markbook.xcdatamodeld */ = {
			isa = XCVersionGroup;
			children = (
				DAC3129C15E5C1CF00261862 /* markbook.xcdatamodel */,
			);
			currentVersion = DAC3129C15E5C1CF00261862 /* markbook.xcdatamodel */;
			path = markbook.xcdatamodeld;
			sourceTree = "<group>";
			versionGroupType = wrapper.xcdatamodel;
		};
/* End XCVersionGroup section */
	};
	rootObject = DAC3127615E5C1CF00261862 /* Project object */;
}
